
Microsoft Visual Studio Solution File, Format Version 12.00
# Visual Studio Version 16
VisualStudioVersion = 16.0.31205.134
MinimumVisualStudioVersion = 10.0.40219.1
Project("{FAE04EC0-301F-11D3-BF4B-00C04F79EFBC}") = "MediaLBAnalyzerLogViewer", "MediaLBAnalyzerLogViewer\MediaLBAnalyzerLogViewer.csproj", "{438C58CC-3303-4A97-97AF-150B6E945ABD}"
EndProject
Project("{FAE04EC0-301F-11D3-BF4B-00C04F79EFBC}") = "MediaLBAnalyzerLogViewerLib", "MediaLBAnalyzerLogViewerLib\MediaLBAnalyzerLogViewerLib.csproj", "{1A96D565-7929-421E-ABAD-0CDA5D1851F6}"
EndProject
Project("{FAE04EC0-301F-11D3-BF4B-00C04F79EFBC}") = "MediaLBAnalyzerLogViewerLibTests", "MediaLBAnalyzerLogViewerLibTests\MediaLBAnalyzerLogViewerLibTests.csproj", "{1C7B0D43-3226-4DF1-A54A-B5108A8757E4}"
EndProject
Global
	GlobalSection(SolutionConfigurationPlatforms) = preSolution
		Debug|Any CPU = Debug|Any CPU
		Release|Any CPU = Release|Any CPU
	EndGlobalSection
	GlobalSection(ProjectConfigurationPlatforms) = postSolution
		{438C58CC-3303-4A97-97AF-150B6E945ABD}.Debug|Any CPU.ActiveCfg = Debug|Any CPU
		{438C58CC-3303-4A97-97AF-150B6E945ABD}.Debug|Any CPU.Build.0 = Debug|Any CPU
		{438C58CC-3303-4A97-97AF-150B6E945ABD}.Release|Any CPU.ActiveCfg = Release|Any CPU
		{438C58CC-3303-4A97-97AF-150B6E945ABD}.Release|Any CPU.Build.0 = Release|Any CPU
		{1A96D565-7929-421E-ABAD-0CDA5D1851F6}.Debug|Any CPU.ActiveCfg = Debug|Any CPU
		{1A96D565-7929-421E-ABAD-0CDA5D1851F6}.Debug|Any CPU.Build.0 = Debug|Any CPU
		{1A96D565-7929-421E-ABAD-0CDA5D1851F6}.Release|Any CPU.ActiveCfg = Release|Any CPU
		{1A96D565-7929-421E-ABAD-0CDA5D1851F6}.Release|Any CPU.Build.0 = Release|Any CPU
		{1C7B0D43-3226-4DF1-A54A-B5108A8757E4}.Debug|Any CPU.ActiveCfg = Debug|Any CPU
		{1C7B0D43-3226-4DF1-A54A-B5108A8757E4}.Debug|Any CPU.Build.0 = Debug|Any CPU
		{1C7B0D43-3226-4DF1-A54A-B5108A8757E4}.Release|Any CPU.ActiveCfg = Release|Any CPU
		{1C7B0D43-3226-4DF1-A54A-B5108A8757E4}.Release|Any CPU.Build.0 = Release|Any CPU
	EndGlobalSection
	GlobalSection(SolutionProperties) = preSolution
		HideSolutionNode = FALSE
	EndGlobalSection
	GlobalSection(ExtensibilityGlobals) = postSolution
		SolutionGuid = {A5A5B171-FE3E-4FAA-B91B-8ED08EED1CEA}
	EndGlobalSection
EndGlobal
